lockfileVersion: 5.4

specifiers:
  '@prisma/client': ^4.5.0
  axios: ^1.1.3
  dotenv: ^16.0.3
  loading-cli: ^1.1.0
  node-cron: ^3.0.2
  prisma: ^4.5.0

dependencies:
  '@prisma/client': 4.5.0_prisma@4.5.0
  axios: 1.1.3
  dotenv: 16.0.3
  loading-cli: 1.1.0
  node-cron: 3.0.2

devDependencies:
  prisma: 4.5.0

packages:

  /@prisma/client/4.5.0_prisma@4.5.0:
    resolution: {integrity: sha512-B2cV0OPI1smhdYUxsJoLYQLoMlLH06MUxgFUWQnHodGMX98VRVXKmQE/9OcrTNkqtke5RC+YU24Szxd04tZA2g==}
    engines: {node: '>=14.17'}
    requiresBuild: true
    peerDependencies:
      prisma: '*'
    peerDependenciesMeta:
      prisma:
        optional: true
    dependencies:
      '@prisma/engines-version': 4.5.0-43.0362da9eebca54d94c8ef5edd3b2e90af99ba452
      prisma: 4.5.0
    dev: false

  /@prisma/engines-version/4.5.0-43.0362da9eebca54d94c8ef5edd3b2e90af99ba452:
    resolution: {integrity: sha512-o7LyVx8PPJBLrEzLl6lpxxk2D5VnlM4Fwmrbq0NoT6pr5aa1OuHD9ZG+WJY6TlR/iD9bhmo2LNcxddCMr5Rv2A==}
    dev: false

  /@prisma/engines/4.5.0:
    resolution: {integrity: sha512-4t9ir2SbQQr/wMCNU4YpHWp5hU14J2m3wHUZnGJPpmBF8YtkisxyVyQsKd1e6FyLTaGq8LOLhm6VLYHKqKNm+g==}
    requiresBuild: true

  /asynckit/0.4.0:
    resolution: {integrity: sha512-Oei9OH4tRh0YqU3GxhX79dM/mwVgvbZJaSNaRk+bshkj0S5cfHcgYakreBjrHwatXKbz+IoIdYLxrKim2MjW0Q==}
    dev: false

  /axios/1.1.3:
    resolution: {integrity: sha512-00tXVRwKx/FZr/IDVFt4C+f9FYairX517WoGCL6dpOntqLkZofjhu43F/Xl44UOpqa+9sLFDrG/XAnFsUYgkDA==}
    dependencies:
      follow-redirects: 1.15.2
      form-data: 4.0.0
      proxy-from-env: 1.1.0
    transitivePeerDependencies:
      - debug
    dev: false

  /colors-cli/1.0.28:
    resolution: {integrity: sha512-2XE8s1mB3Jr5rvirk/fFzhWY2m9S2dpZ0mWz3Yl/mzMM8hDVBawL0Rsal5hR1gJP4lgqhQfFfEmaGZpUZgEKrA==}
    hasBin: true
    dev: false

  /combined-stream/1.0.8:
    resolution: {integrity: sha512-FQN4MRfuJeHf7cBbBMJFXhKSDq+2kAArBlmRBvcvFE5BB1HZKXtSFASDhdlz9zOYwxh8lDdnvmMOe/+5cdoEdg==}
    engines: {node: '>= 0.8'}
    dependencies:
      delayed-stream: 1.0.0
    dev: false

  /delayed-stream/1.0.0:
    resolution: {integrity: sha512-ZySD7Nf91aLB0RxL4KGrKHBXl7Eds1DAmEdcoVawXnLD7SDhpNgtuII2aAkg7a7QS41jxPSZ17p4VdGnMHk3MQ==}
    engines: {node: '>=0.4.0'}
    dev: false

  /dotenv/16.0.3:
    resolution: {integrity: sha512-7GO6HghkA5fYG9TYnNxi14/7K9f5occMlp3zXAuSxn7CKCxt9xbNWG7yF8hTCSUchlfWSe3uLmlPfigevRItzQ==}
    engines: {node: '>=12'}
    dev: false

  /follow-redirects/1.15.2:
    resolution: {integrity: sha512-VQLG33o04KaQ8uYi2tVNbdrWp1QWxNNea+nmIB4EVM28v0hmP17z7aG1+wAkNzVq4KeXTq3221ye5qTJP91JwA==}
    engines: {node: '>=4.0'}
    peerDependencies:
      debug: '*'
    peerDependenciesMeta:
      debug:
        optional: true
    dev: false

  /form-data/4.0.0:
    resolution: {integrity: sha512-ETEklSGi5t0QMZuiXoA/Q6vcnxcLQP5vdugSpuAyi6SVGi2clPPp+xgEhuMaHC+zGgn31Kd235W35f7Hykkaww==}
    engines: {node: '>= 6'}
    dependencies:
      asynckit: 0.4.0
      combined-stream: 1.0.8
      mime-types: 2.1.35
    dev: false

  /loading-cli/1.1.0:
    resolution: {integrity: sha512-r6Kj0Y3d3isT4vvJ0tFlND1CcLkpatWmlgQs/PEfnSofJSHZwAbsqexnpQEDj4nlxSXEqFWh/Wu2iQXAAZRPNQ==}
    dependencies:
      colors-cli: 1.0.28
    dev: false

  /mime-db/1.52.0:
    resolution: {integrity: sha512-sPU4uV7dYlvtWJxwwxHD0PuihVNiE7TyAbQ5SWxDCB9mUYvOgroQOwYQQOKPJ8CIbE+1ETVlOoK1UC2nU3gYvg==}
    engines: {node: '>= 0.6'}
    dev: false

  /mime-types/2.1.35:
    resolution: {integrity: sha512-ZDY+bPm5zTTF+YpCrAU9nK0UgICYPT0QtT1NZWFv4s++TNkcgVaT0g6+4R2uI4MjQjzysHB1zxuWL50hzaeXiw==}
    engines: {node: '>= 0.6'}
    dependencies:
      mime-db: 1.52.0
    dev: false

  /node-cron/3.0.2:
    resolution: {integrity: sha512-iP8l0yGlNpE0e6q1o185yOApANRe47UPbLf4YxfbiNHt/RU5eBcGB/e0oudruheSf+LQeDMezqC5BVAb5wwRcQ==}
    engines: {node: '>=6.0.0'}
    dependencies:
      uuid: 8.3.2
    dev: false

  /prisma/4.5.0:
    resolution: {integrity: sha512-9Aeg4qiKlv9Wsjz4NO8k2CzRzlvS3A4FYVJ5+28sBBZ0eEwbiVOE/Jj7v6rZC1tFW2s4GSICQOAyuOjc6WsNew==}
    engines: {node: '>=14.17'}
    hasBin: true
    requiresBuild: true
    dependencies:
      '@prisma/engines': 4.5.0

  /proxy-from-env/1.1.0:
    resolution: {integrity: sha512-D+zkORCbA9f1tdWRK0RaCR3GPv50cMxcrz4X8k5LTSUD1Dkw47mKJEZQNunItRTkWwgtaUSo1RVFRIG9ZXiFYg==}
    dev: false

  /uuid/8.3.2:
    resolution: {integrity: sha512-+NYs2QeMWy+GWFOEm9xnn6HCDp0l7QBD7ml8zLUmJ+93Q5NF0NocErnwkTkXVFNiX3/fpC6afS8Dhb/gz7R7eg==}
    hasBin: true
    dev: false
